
Microsoft Visual Studio Solution File, Format Version 12.00
# Visual Studio Version 17
VisualStudioVersion = 17.3.32922.545
MinimumVisualStudioVersion = 10.0.40219.1
Project("{FAE04EC0-301F-11D3-BF4B-00C04F79EFBC}") = "H23-FR-E14-Intra2-Hockey", "H23-FR-E14-Intra2-Hockey\H23-FR-E14-Intra2-Hockey.csproj", "{F05E1076-FD48-4C73-9420-CEC42BFAECF2}"
EndProject
Global
	GlobalSection(SolutionConfigurationPlatforms) = preSolution
		Debug|Any CPU = Debug|Any CPU
		Release|Any CPU = Release|Any CPU
	EndGlobalSection
	GlobalSection(ProjectConfigurationPlatforms) = postSolution
		{F05E1076-FD48-4C73-9420-CEC42BFAECF2}.Debug|Any CPU.ActiveCfg = Debug|Any CPU
		{F05E1076-FD48-4C73-9420-CEC42BFAECF2}.Debug|Any CPU.Build.0 = Debug|Any CPU
		{F05E1076-FD48-4C73-9420-CEC42BFAECF2}.Release|Any CPU.ActiveCfg = Release|Any CPU
		{F05E1076-FD48-4C73-9420-CEC42BFAECF2}.Release|Any CPU.Build.0 = Release|Any CPU
	EndGlobalSection
	GlobalSection(SolutionProperties) = preSolution
		HideSolutionNode = FALSE
	EndGlobalSection
	GlobalSection(ExtensibilityGlobals) = postSolution
		SolutionGuid = {390975A4-320E-4266-969C-37895CFB8D29}
	EndGlobalSection
EndGlobal
